
Microsoft Visual Studio Solution File, Format Version 12.00
# Visual Studio Version 17
VisualStudioVersion = 17.9.34701.34
MinimumVisualStudioVersion = 10.0.40219.1
Project("{9A19103F-16F7-4668-BE54-9A1E7A4F7556}") = "SourceDraftGuard", "SourceDraftGuard\SourceDraftGuard.csproj", "{07FEB56F-4F40-45C0-9DEC-1491ADEEF585}"
EndProject
Global
	GlobalSection(SolutionConfigurationPlatforms) = preSolution
		Debug|Any CPU = Debug|Any CPU
		Release|Any CPU = Release|Any CPU
	EndGlobalSection
	GlobalSection(ProjectConfigurationPlatforms) = postSolution
		{07FEB56F-4F40-45C0-9DEC-1491ADEEF585}.Debug|Any CPU.ActiveCfg = Debug|Any CPU
		{07FEB56F-4F40-45C0-9DEC-1491ADEEF585}.Debug|Any CPU.Build.0 = Debug|Any CPU
		{07FEB56F-4F40-45C0-9DEC-1491ADEEF585}.Release|Any CPU.ActiveCfg = Release|Any CPU
		{07FEB56F-4F40-45C0-9DEC-1491ADEEF585}.Release|Any CPU.Build.0 = Release|Any CPU
	EndGlobalSection
	GlobalSection(SolutionProperties) = preSolution
		HideSolutionNode = FALSE
	EndGlobalSection
	GlobalSection(ExtensibilityGlobals) = postSolution
		SolutionGuid = {8CC36E96-B441-4560-AD82-DCCD0FCFD075}
	EndGlobalSection
EndGlobal
